{
  "name": "litelement",
  "version": "1.0.0",
  "lockfileVersion": 2,
  "requires": true,
  "packages": {
    "": {
      "name": "litelement",
      "version": "1.0.0",
      "license": "ISC",
      "dependencies": {
        "@polymer/lit-element": "^0.7.1",
        "@vaadin/router": "^1.7.4"
      },
      "devDependencies": {
        "@vaadin/vaadin-date-picker": "^23.0.1"
      }
    },
    "node_modules/@lit/reactive-element": {
      "version": "1.3.0",
      "resolved": "https://registry.npmjs.org/@lit/reactive-element/-/reactive-element-1.3.0.tgz",
      "integrity": "sha512-0TKSIuJHXNLM0k98fi0AdMIdUoHIYlDHTP+0Vruc2SOs4T6vU1FinXgSvYd8mSrkt+8R+qdRAXvjpqrMXMyBgw==",
      "dev": true
    },
    "node_modules/@open-wc/dedupe-mixin": {
      "version": "1.3.0",
      "resolved": "https://registry.npmjs.org/@open-wc/dedupe-mixin/-/dedupe-mixin-1.3.0.tgz",
      "integrity": "sha512-UfdK1MPnR6T7f3svzzYBfu3qBkkZ/KsPhcpc3JYhsUY4hbpwNF9wEQtD4Z+/mRqMTJrKg++YSxIxE0FBhY3RIw==",
      "dev": true
    },
    "node_modules/@polymer/iron-flex-layout": {
      "version": "3.0.1",
      "resolved": "https://registry.npmjs.org/@polymer/iron-flex-layout/-/iron-flex-layout-3.0.1.tgz",
      "integrity": "sha512-7gB869czArF+HZcPTVSgvA7tXYFze9EKckvM95NB7SqYF+NnsQyhoXgKnpFwGyo95lUjUW9TFDLUwDXnCYFtkw==",
      "dev": true,
      "dependencies": {
        "@polymer/polymer": "^3.0.0"
      }
    },
    "node_modules/@polymer/iron-icon": {
      "version": "3.0.1",
      "resolved": "https://registry.npmjs.org/@polymer/iron-icon/-/iron-icon-3.0.1.tgz",
      "integrity": "sha512-QLPwirk+UPZNaLnMew9VludXA4CWUCenRewgEcGYwdzVgDPCDbXxy6vRJjmweZobMQv/oVLppT2JZtJFnPxX6g==",
      "dev": true,
      "dependencies": {
        "@polymer/iron-flex-layout": "^3.0.0-pre.26",
        "@polymer/iron-meta": "^3.0.0-pre.26",
        "@polymer/polymer": "^3.0.0"
      }
    },
    "node_modules/@polymer/iron-iconset-svg": {
      "version": "3.0.1",
      "resolved": "https://registry.npmjs.org/@polymer/iron-iconset-svg/-/iron-iconset-svg-3.0.1.tgz",
      "integrity": "sha512-XNwURbNHRw6u2fJe05O5fMYye6GSgDlDqCO+q6K1zAnKIrpgZwf2vTkBd5uCcZwsN0FyCB3mvNZx4jkh85dRDw==",
      "dev": true,
      "dependencies": {
        "@polymer/iron-meta": "^3.0.0-pre.26",
        "@polymer/polymer": "^3.0.0"
      }
    },
    "node_modules/@polymer/iron-meta": {
      "version": "3.0.1",
      "resolved": "https://registry.npmjs.org/@polymer/iron-meta/-/iron-meta-3.0.1.tgz",
      "integrity": "sha512-pWguPugiLYmWFV9UWxLWzZ6gm4wBwQdDy4VULKwdHCqR7OP7u98h+XDdGZsSlDPv6qoryV/e3tGHlTIT0mbzJA==",
      "dev": true,
      "dependencies": {
        "@polymer/polymer": "^3.0.0"
      }
    },
    "node_modules/@polymer/lit-element": {
      "version": "0.7.1",
      "resolved": "https://registry.npmjs.org/@polymer/lit-element/-/lit-element-0.7.1.tgz",
      "integrity": "sha512-aYSzVhC19l7xSm73aHI06VPcD/H+GxpFNZrhbJ+zVIpgAveOgGp5Ga7UtTBHQCdHlJbZ0dMlaBXMZ3twgXCokg==",
      "deprecated": "@polymer/lit-element has moved to lit-element. Please uninstall this package and install lit-element. See https://www.polymer-project.org/blog/2019-01-11-lit-element-rc",
      "dependencies": {
        "lit-html": "^1.0.0-rc.2"
      }
    },
    "node_modules/@polymer/polymer": {
      "version": "3.4.1",
      "resolved": "https://registry.npmjs.org/@polymer/polymer/-/polymer-3.4.1.tgz",
      "integrity": "sha512-KPWnhDZibtqKrUz7enIPOiO4ZQoJNOuLwqrhV2MXzIt3VVnUVJVG5ORz4Z2sgO+UZ+/UZnPD0jqY+jmw/+a9mQ==",
      "dev": true,
      "dependencies": {
        "@webcomponents/shadycss": "^1.9.1"
      }
    },
    "node_modules/@types/trusted-types": {
      "version": "2.0.2",
      "resolved": "https://registry.npmjs.org/@types/trusted-types/-/trusted-types-2.0.2.tgz",
      "integrity": "sha512-F5DIZ36YVLE+PN+Zwws4kJogq47hNgX3Nx6WyDJ3kcplxyke3XIzB8uK5n/Lpm1HBsbGzd6nmGehL8cPekP+Tg==",
      "dev": true
    },
    "node_modules/@vaadin/button": {
      "version": "23.0.1",
      "resolved": "https://registry.npmjs.org/@vaadin/button/-/button-23.0.1.tgz",
      "integrity": "sha512-HjeOelUD0O3PF0QEZbQmTyMRwClPxUKYsl7UxSNUDzvdtFKgj7YpQEDdcXKlS68fK9gMOgNNdjiYLWQ/BiDN9w==",
      "dev": true,
      "dependencies": {
        "@polymer/polymer": "^3.0.0",
        "@vaadin/component-base": "^23.0.1",
        "@vaadin/vaadin-lumo-styles": "^23.0.1",
        "@vaadin/vaadin-material-styles": "^23.0.1",
        "@vaadin/vaadin-themable-mixin": "^23.0.1"
      }
    },
    "node_modules/@vaadin/component-base": {
      "version": "23.0.1",
      "resolved": "https://registry.npmjs.org/@vaadin/component-base/-/component-base-23.0.1.tgz",
      "integrity": "sha512-gcyip99+X1UTD/P5Y46s7BTCNV2967mCpUy8SJ9fLbP+k2mt34E/mxRSuPlh48Z1yGMjPqqFnENWo+oNBG3Jcg==",
      "dev": true,
      "dependencies": {
        "@open-wc/dedupe-mixin": "^1.3.0",
        "@polymer/polymer": "^3.0.0",
        "@vaadin/vaadin-development-mode-detector": "^2.0.0",
        "@vaadin/vaadin-usage-statistics": "^2.1.0",
        "lit": "^2.0.0"
      }
    },
    "node_modules/@vaadin/date-picker": {
      "version": "23.0.1",
      "resolved": "https://registry.npmjs.org/@vaadin/date-picker/-/date-picker-23.0.1.tgz",
      "integrity": "sha512-VdTI37rmkdvAqldCObWjL/OesMRSbvd5jhlpUQ0HjIyPpCjusXkmi4HiKbeooH5TMAca7YrLbpozZYQfThniUA==",
      "dev": true,
      "dependencies": {
        "@open-wc/dedupe-mixin": "^1.3.0",
        "@polymer/polymer": "^3.2.0",
        "@vaadin/button": "^23.0.1",
        "@vaadin/component-base": "^23.0.1",
        "@vaadin/field-base": "^23.0.1",
        "@vaadin/input-container": "^23.0.1",
        "@vaadin/vaadin-lumo-styles": "^23.0.1",
        "@vaadin/vaadin-material-styles": "^23.0.1",
        "@vaadin/vaadin-overlay": "^23.0.1",
        "@vaadin/vaadin-themable-mixin": "^23.0.1"
      }
    },
    "node_modules/@vaadin/field-base": {
      "version": "23.0.1",
      "resolved": "https://registry.npmjs.org/@vaadin/field-base/-/field-base-23.0.1.tgz",
      "integrity": "sha512-xUFEmwcZUnm1CzVSNVhV00wtidHyfR93SHmexLw6NUDHPVBhY/08P78pnEGyasq8390x9jHkN5DxDR2rb3/L+g==",
      "dev": true,
      "dependencies": {
        "@open-wc/dedupe-mixin": "^1.3.0",
        "@polymer/polymer": "^3.0.0",
        "@vaadin/component-base": "^23.0.1",
        "lit": "^2.0.0"
      }
    },
    "node_modules/@vaadin/icon": {
      "version": "23.0.1",
      "resolved": "https://registry.npmjs.org/@vaadin/icon/-/icon-23.0.1.tgz",
      "integrity": "sha512-dMpWG6rtuYjTFmNXcMrn+zaP0RStLgiLIbbDdt87L8XGZT/kQpkeFBjIAKv2yAm0HlzlfjpCJQ7idhRKmKphYQ==",
      "dev": true,
      "dependencies": {
        "@polymer/polymer": "^3.0.0",
        "@vaadin/component-base": "^23.0.1",
        "@vaadin/vaadin-lumo-styles": "^23.0.1",
        "@vaadin/vaadin-themable-mixin": "^23.0.1",
        "lit": "^2.0.0"
      }
    },
    "node_modules/@vaadin/input-container": {
      "version": "23.0.1",
      "resolved": "https://registry.npmjs.org/@vaadin/input-container/-/input-container-23.0.1.tgz",
      "integrity": "sha512-Q29xA5ooBHOzP+rctMjBquQ9rNXPvKfhb7gFUCprtmvHbQjaf2Ui/NRIwf4G0fZJ7tK1qmfM3GIYbRhM0kY5jg==",
      "dev": true,
      "dependencies": {
        "@polymer/polymer": "^3.0.0",
        "@vaadin/component-base": "^23.0.1",
        "@vaadin/vaadin-lumo-styles": "^23.0.1",
        "@vaadin/vaadin-material-styles": "^23.0.1",
        "@vaadin/vaadin-themable-mixin": "^23.0.1"
      }
    },
    "node_modules/@vaadin/router": {
      "version": "1.7.4",
      "resolved": "https://registry.npmjs.org/@vaadin/router/-/router-1.7.4.tgz",
      "integrity": "sha512-B4JVtzFVUMlsjuJHNXEMfNZrM4QDrdeOMc6EEigiHYxwF82py6yDdP6SWP0aPoP3f6aQHt51tLWdXSpkKpWf7A==",
      "dependencies": {
        "@vaadin/vaadin-usage-statistics": "^2.1.0",
        "path-to-regexp": "2.4.0"
      }
    },
    "node_modules/@vaadin/vaadin-date-picker": {
      "version": "23.0.1",
      "resolved": "https://registry.npmjs.org/@vaadin/vaadin-date-picker/-/vaadin-date-picker-23.0.1.tgz",
      "integrity": "sha512-BS2dxBt90A+mrDtilbjaSw1An70/Vepx8vNKxey0K2LsjL+BOJJdus7vvN4dOBkMwsGvh+Vs27teDijMLUzuKg==",
      "dev": true,
      "dependencies": {
        "@vaadin/date-picker": "^23.0.1"
      }
    },
    "node_modules/@vaadin/vaadin-development-mode-detector": {
      "version": "2.0.5",
      "resolved": "https://registry.npmjs.org/@vaadin/vaadin-development-mode-detector/-/vaadin-development-mode-detector-2.0.5.tgz",
      "integrity": "sha512-miirBQw10UHjKwRv29iZniXCo41cLg3wFotoyTeUZ2PTGIDk/fZVFr4Q4WVKZrp3D15878vz94nNQROSmPLjdg=="
    },
    "node_modules/@vaadin/vaadin-lumo-styles": {
      "version": "23.0.1",
      "resolved": "https://registry.npmjs.org/@vaadin/vaadin-lumo-styles/-/vaadin-lumo-styles-23.0.1.tgz",
      "integrity": "sha512-3qykEQ3Qi4D2e/oGP+X++hYuQ+CbrU0/wtVQSVjp9LTAeItxA+NZDTHbAhgMfjKvAOtZEuiKBfbeU1fyw3M8AQ==",
      "dev": true,
      "dependencies": {
        "@polymer/iron-icon": "^3.0.0",
        "@polymer/iron-iconset-svg": "^3.0.0",
        "@polymer/polymer": "^3.0.0",
        "@vaadin/icon": "^23.0.1",
        "@vaadin/vaadin-themable-mixin": "^23.0.1"
      }
    },
    "node_modules/@vaadin/vaadin-material-styles": {
      "version": "23.0.1",
      "resolved": "https://registry.npmjs.org/@vaadin/vaadin-material-styles/-/vaadin-material-styles-23.0.1.tgz",
      "integrity": "sha512-CPOrXhhbDk666ZHbhKA2pQzCkvIpTrD+eZoBv3eiAFcRSlTd60QkT3SXHBqB9ABUJQXgxpWKf35e9Rz//TwUWg==",
      "dev": true,
      "dependencies": {
        "@polymer/polymer": "^3.0.0",
        "@vaadin/vaadin-themable-mixin": "^23.0.1"
      }
    },
    "node_modules/@vaadin/vaadin-overlay": {
      "version": "23.0.1",
      "resolved": "https://registry.npmjs.org/@vaadin/vaadin-overlay/-/vaadin-overlay-23.0.1.tgz",
      "integrity": "sha512-qeqfS+SIXtNlFO//aNFasz/Ara5mYe4OENC2Bss1oBlqueI/ld40XgLA3kOgjYUj0+fuJilOjxVAenW5u+0CLg==",
      "dev": true,
      "dependencies": {
        "@polymer/polymer": "^3.0.0",
        "@vaadin/component-base": "^23.0.1",
        "@vaadin/vaadin-lumo-styles": "^23.0.1",
        "@vaadin/vaadin-material-styles": "^23.0.1",
        "@vaadin/vaadin-themable-mixin": "^23.0.1"
      }
    },
    "node_modules/@vaadin/vaadin-themable-mixin": {
      "version": "23.0.1",
      "resolved": "https://registry.npmjs.org/@vaadin/vaadin-themable-mixin/-/vaadin-themable-mixin-23.0.1.tgz",
      "integrity": "sha512-w11MPHtwWjSXKDw42FL469wZqalfruTTAWs+mKPClBA6BVPJtgMruBXYVFBfKvqnzeox9MUQTI1n2mC9+Uncag==",
      "dev": true,
      "dependencies": {
        "@open-wc/dedupe-mixin": "^1.3.0",
        "lit": "^2.0.0"
      }
    },
    "node_modules/@vaadin/vaadin-usage-statistics": {
      "version": "2.1.2",
      "resolved": "https://registry.npmjs.org/@vaadin/vaadin-usage-statistics/-/vaadin-usage-statistics-2.1.2.tgz",
      "integrity": "sha512-xKs1PvRfTXsG0eWWcImLXWjv7D+f1vfoIvovppv6pZ5QX8xgcxWUdNgERlOOdGt3CTuxQXukTBW3+Qfva+OXSg==",
      "hasInstallScript": true,
      "dependencies": {
        "@vaadin/vaadin-development-mode-detector": "^2.0.0"
      },
      "engines": {
        "node": "^12.20.0 || ^14.13.1 || >=16.0.0"
      }
    },
    "node_modules/@webcomponents/shadycss": {
      "version": "1.11.0",
      "resolved": "https://registry.npmjs.org/@webcomponents/shadycss/-/shadycss-1.11.0.tgz",
      "integrity": "sha512-L5O/+UPum8erOleNjKq6k58GVl3fNsEQdSOyh0EUhNmi7tHUyRuCJy1uqJiWydWcLARE5IPsMoPYMZmUGrz1JA==",
      "dev": true
    },
    "node_modules/lit": {
      "version": "2.2.0",
      "resolved": "https://registry.npmjs.org/lit/-/lit-2.2.0.tgz",
      "integrity": "sha512-FDyxUuczo6cJJY/2Bkgfh1872U4ikUvmK1Cb6+lYC1CW+QOo8CaWXCpvPKFzYsz0ojUxoruBLVrECc7VI2f1dQ==",
      "dev": true,
      "dependencies": {
        "@lit/reactive-element": "^1.3.0",
        "lit-element": "^3.2.0",
        "lit-html": "^2.2.0"
      }
    },
    "node_modules/lit-element": {
      "version": "3.2.0",
      "resolved": "https://registry.npmjs.org/lit-element/-/lit-element-3.2.0.tgz",
      "integrity": "sha512-HbE7yt2SnUtg5DCrWt028oaU4D5F4k/1cntAFHTkzY8ZIa8N0Wmu92PxSxucsQSOXlODFrICkQ5x/tEshKi13g==",
      "dev": true,
      "dependencies": {
        "@lit/reactive-element": "^1.3.0",
        "lit-html": "^2.2.0"
      }
    },
    "node_modules/lit-element/node_modules/lit-html": {
      "version": "2.2.0",
      "resolved": "https://registry.npmjs.org/lit-html/-/lit-html-2.2.0.tgz",
      "integrity": "sha512-dJnevgV8VkCuOXLWrjQopDE8nSy8CzipZ/ATfYQv7z7Dct4abblcKecf50gkIScuwCTzKvRLgvTgV0zzagW4gA==",
      "dev": true,
      "dependencies": {
        "@types/trusted-types": "^2.0.2"
      }
    },
    "node_modules/lit-html": {
      "version": "1.4.1",
      "resolved": "https://registry.npmjs.org/lit-html/-/lit-html-1.4.1.tgz",
      "integrity": "sha512-B9btcSgPYb1q4oSOb/PrOT6Z/H+r6xuNzfH4lFli/AWhYwdtrgQkQWBbIc6mdnf6E2IL3gDXdkkqNktpU0OZQA=="
    },
    "node_modules/lit/node_modules/lit-html": {
      "version": "2.2.0",
      "resolved": "https://registry.npmjs.org/lit-html/-/lit-html-2.2.0.tgz",
      "integrity": "sha512-dJnevgV8VkCuOXLWrjQopDE8nSy8CzipZ/ATfYQv7z7Dct4abblcKecf50gkIScuwCTzKvRLgvTgV0zzagW4gA==",
      "dev": true,
      "dependencies": {
        "@types/trusted-types": "^2.0.2"
      }
    },
    "node_modules/path-to-regexp": {
      "version": "2.4.0",
      "resolved": "https://registry.npmjs.org/path-to-regexp/-/path-to-regexp-2.4.0.tgz",
      "integrity": "sha512-G6zHoVqC6GGTQkZwF4lkuEyMbVOjoBKAEybQUypI1WTkqinCOrq2x6U2+phkJ1XsEMTy4LjtwPI7HW+NVrRR2w=="
    }
  },
  "dependencies": {
    "@lit/reactive-element": {
      "version": "1.3.0",
      "resolved": "https://registry.npmjs.org/@lit/reactive-element/-/reactive-element-1.3.0.tgz",
      "integrity": "sha512-0TKSIuJHXNLM0k98fi0AdMIdUoHIYlDHTP+0Vruc2SOs4T6vU1FinXgSvYd8mSrkt+8R+qdRAXvjpqrMXMyBgw==",
      "dev": true
    },
    "@open-wc/dedupe-mixin": {
      "version": "1.3.0",
      "resolved": "https://registry.npmjs.org/@open-wc/dedupe-mixin/-/dedupe-mixin-1.3.0.tgz",
      "integrity": "sha512-UfdK1MPnR6T7f3svzzYBfu3qBkkZ/KsPhcpc3JYhsUY4hbpwNF9wEQtD4Z+/mRqMTJrKg++YSxIxE0FBhY3RIw==",
      "dev": true
    },
    "@polymer/iron-flex-layout": {
      "version": "3.0.1",
      "resolved": "https://registry.npmjs.org/@polymer/iron-flex-layout/-/iron-flex-layout-3.0.1.tgz",
      "integrity": "sha512-7gB869czArF+HZcPTVSgvA7tXYFze9EKckvM95NB7SqYF+NnsQyhoXgKnpFwGyo95lUjUW9TFDLUwDXnCYFtkw==",
      "dev": true,
      "requires": {
        "@polymer/polymer": "^3.0.0"
      }
    },
    "@polymer/iron-icon": {
      "version": "3.0.1",
      "resolved": "https://registry.npmjs.org/@polymer/iron-icon/-/iron-icon-3.0.1.tgz",
      "integrity": "sha512-QLPwirk+UPZNaLnMew9VludXA4CWUCenRewgEcGYwdzVgDPCDbXxy6vRJjmweZobMQv/oVLppT2JZtJFnPxX6g==",
      "dev": true,
      "requires": {
        "@polymer/iron-flex-layout": "^3.0.0-pre.26",
        "@polymer/iron-meta": "^3.0.0-pre.26",
        "@polymer/polymer": "^3.0.0"
      }
    },
    "@polymer/iron-iconset-svg": {
      "version": "3.0.1",
      "resolved": "https://registry.npmjs.org/@polymer/iron-iconset-svg/-/iron-iconset-svg-3.0.1.tgz",
      "integrity": "sha512-XNwURbNHRw6u2fJe05O5fMYye6GSgDlDqCO+q6K1zAnKIrpgZwf2vTkBd5uCcZwsN0FyCB3mvNZx4jkh85dRDw==",
      "dev": true,
      "requires": {
        "@polymer/iron-meta": "^3.0.0-pre.26",
        "@polymer/polymer": "^3.0.0"
      }
    },
    "@polymer/iron-meta": {
      "version": "3.0.1",
      "resolved": "https://registry.npmjs.org/@polymer/iron-meta/-/iron-meta-3.0.1.tgz",
      "integrity": "sha512-pWguPugiLYmWFV9UWxLWzZ6gm4wBwQdDy4VULKwdHCqR7OP7u98h+XDdGZsSlDPv6qoryV/e3tGHlTIT0mbzJA==",
      "dev": true,
      "requires": {
        "@polymer/polymer": "^3.0.0"
      }
    },
    "@polymer/lit-element": {
      "version": "0.7.1",
      "resolved": "https://registry.npmjs.org/@polymer/lit-element/-/lit-element-0.7.1.tgz",
      "integrity": "sha512-aYSzVhC19l7xSm73aHI06VPcD/H+GxpFNZrhbJ+zVIpgAveOgGp5Ga7UtTBHQCdHlJbZ0dMlaBXMZ3twgXCokg==",
      "requires": {
        "lit-html": "^1.0.0-rc.2"
      }
    },
    "@polymer/polymer": {
      "version": "3.4.1",
      "resolved": "https://registry.npmjs.org/@polymer/polymer/-/polymer-3.4.1.tgz",
      "integrity": "sha512-KPWnhDZibtqKrUz7enIPOiO4ZQoJNOuLwqrhV2MXzIt3VVnUVJVG5ORz4Z2sgO+UZ+/UZnPD0jqY+jmw/+a9mQ==",
      "dev": true,
      "requires": {
        "@webcomponents/shadycss": "^1.9.1"
      }
    },
    "@types/trusted-types": {
      "version": "2.0.2",
      "resolved": "https://registry.npmjs.org/@types/trusted-types/-/trusted-types-2.0.2.tgz",
      "integrity": "sha512-F5DIZ36YVLE+PN+Zwws4kJogq47hNgX3Nx6WyDJ3kcplxyke3XIzB8uK5n/Lpm1HBsbGzd6nmGehL8cPekP+Tg==",
      "dev": true
    },
    "@vaadin/button": {
      "version": "23.0.1",
      "resolved": "https://registry.npmjs.org/@vaadin/button/-/button-23.0.1.tgz",
      "integrity": "sha512-HjeOelUD0O3PF0QEZbQmTyMRwClPxUKYsl7UxSNUDzvdtFKgj7YpQEDdcXKlS68fK9gMOgNNdjiYLWQ/BiDN9w==",
      "dev": true,
      "requires": {
        "@polymer/polymer": "^3.0.0",
        "@vaadin/component-base": "^23.0.1",
        "@vaadin/vaadin-lumo-styles": "^23.0.1",
        "@vaadin/vaadin-material-styles": "^23.0.1",
        "@vaadin/vaadin-themable-mixin": "^23.0.1"
      }
    },
    "@vaadin/component-base": {
      "version": "23.0.1",
      "resolved": "https://registry.npmjs.org/@vaadin/component-base/-/component-base-23.0.1.tgz",
      "integrity": "sha512-gcyip99+X1UTD/P5Y46s7BTCNV2967mCpUy8SJ9fLbP+k2mt34E/mxRSuPlh48Z1yGMjPqqFnENWo+oNBG3Jcg==",
      "dev": true,
      "requires": {
        "@open-wc/dedupe-mixin": "^1.3.0",
        "@polymer/polymer": "^3.0.0",
        "@vaadin/vaadin-development-mode-detector": "^2.0.0",
        "@vaadin/vaadin-usage-statistics": "^2.1.0",
        "lit": "^2.0.0"
      }
    },
    "@vaadin/date-picker": {
      "version": "23.0.1",
      "resolved": "https://registry.npmjs.org/@vaadin/date-picker/-/date-picker-23.0.1.tgz",
      "integrity": "sha512-VdTI37rmkdvAqldCObWjL/OesMRSbvd5jhlpUQ0HjIyPpCjusXkmi4HiKbeooH5TMAca7YrLbpozZYQfThniUA==",
      "dev": true,
      "requires": {
        "@open-wc/dedupe-mixin": "^1.3.0",
        "@polymer/polymer": "^3.2.0",
        "@vaadin/button": "^23.0.1",
        "@vaadin/component-base": "^23.0.1",
        "@vaadin/field-base": "^23.0.1",
        "@vaadin/input-container": "^23.0.1",
        "@vaadin/vaadin-lumo-styles": "^23.0.1",
        "@vaadin/vaadin-material-styles": "^23.0.1",
        "@vaadin/vaadin-overlay": "^23.0.1",
        "@vaadin/vaadin-themable-mixin": "^23.0.1"
      }
    },
    "@vaadin/field-base": {
      "version": "23.0.1",
      "resolved": "https://registry.npmjs.org/@vaadin/field-base/-/field-base-23.0.1.tgz",
      "integrity": "sha512-xUFEmwcZUnm1CzVSNVhV00wtidHyfR93SHmexLw6NUDHPVBhY/08P78pnEGyasq8390x9jHkN5DxDR2rb3/L+g==",
      "dev": true,
      "requires": {
        "@open-wc/dedupe-mixin": "^1.3.0",
        "@polymer/polymer": "^3.0.0",
        "@vaadin/component-base": "^23.0.1",
        "lit": "^2.0.0"
      }
    },
    "@vaadin/icon": {
      "version": "23.0.1",
      "resolved": "https://registry.npmjs.org/@vaadin/icon/-/icon-23.0.1.tgz",
      "integrity": "sha512-dMpWG6rtuYjTFmNXcMrn+zaP0RStLgiLIbbDdt87L8XGZT/kQpkeFBjIAKv2yAm0HlzlfjpCJQ7idhRKmKphYQ==",
      "dev": true,
      "requires": {
        "@polymer/polymer": "^3.0.0",
        "@vaadin/component-base": "^23.0.1",
        "@vaadin/vaadin-lumo-styles": "^23.0.1",
        "@vaadin/vaadin-themable-mixin": "^23.0.1",
        "lit": "^2.0.0"
      }
    },
    "@vaadin/input-container": {
      "version": "23.0.1",
      "resolved": "https://registry.npmjs.org/@vaadin/input-container/-/input-container-23.0.1.tgz",
      "integrity": "sha512-Q29xA5ooBHOzP+rctMjBquQ9rNXPvKfhb7gFUCprtmvHbQjaf2Ui/NRIwf4G0fZJ7tK1qmfM3GIYbRhM0kY5jg==",
      "dev": true,
      "requires": {
        "@polymer/polymer": "^3.0.0",
        "@vaadin/component-base": "^23.0.1",
        "@vaadin/vaadin-lumo-styles": "^23.0.1",
        "@vaadin/vaadin-material-styles": "^23.0.1",
        "@vaadin/vaadin-themable-mixin": "^23.0.1"
      }
    },
    "@vaadin/router": {
      "version": "1.7.4",
      "resolved": "https://registry.npmjs.org/@vaadin/router/-/router-1.7.4.tgz",
      "integrity": "sha512-B4JVtzFVUMlsjuJHNXEMfNZrM4QDrdeOMc6EEigiHYxwF82py6yDdP6SWP0aPoP3f6aQHt51tLWdXSpkKpWf7A==",
      "requires": {
        "@vaadin/vaadin-usage-statistics": "^2.1.0",
        "path-to-regexp": "2.4.0"
      }
    },
    "@vaadin/vaadin-date-picker": {
      "version": "23.0.1",
      "resolved": "https://registry.npmjs.org/@vaadin/vaadin-date-picker/-/vaadin-date-picker-23.0.1.tgz",
      "integrity": "sha512-BS2dxBt90A+mrDtilbjaSw1An70/Vepx8vNKxey0K2LsjL+BOJJdus7vvN4dOBkMwsGvh+Vs27teDijMLUzuKg==",
      "dev": true,
      "requires": {
        "@vaadin/date-picker": "^23.0.1"
      }
    },
    "@vaadin/vaadin-development-mode-detector": {
      "version": "2.0.5",
      "resolved": "https://registry.npmjs.org/@vaadin/vaadin-development-mode-detector/-/vaadin-development-mode-detector-2.0.5.tgz",
      "integrity": "sha512-miirBQw10UHjKwRv29iZniXCo41cLg3wFotoyTeUZ2PTGIDk/fZVFr4Q4WVKZrp3D15878vz94nNQROSmPLjdg=="
    },
    "@vaadin/vaadin-lumo-styles": {
      "version": "23.0.1",
      "resolved": "https://registry.npmjs.org/@vaadin/vaadin-lumo-styles/-/vaadin-lumo-styles-23.0.1.tgz",
      "integrity": "sha512-3qykEQ3Qi4D2e/oGP+X++hYuQ+CbrU0/wtVQSVjp9LTAeItxA+NZDTHbAhgMfjKvAOtZEuiKBfbeU1fyw3M8AQ==",
      "dev": true,
      "requires": {
        "@polymer/iron-icon": "^3.0.0",
        "@polymer/iron-iconset-svg": "^3.0.0",
        "@polymer/polymer": "^3.0.0",
        "@vaadin/icon": "^23.0.1",
        "@vaadin/vaadin-themable-mixin": "^23.0.1"
      }
    },
    "@vaadin/vaadin-material-styles": {
      "version": "23.0.1",
      "resolved": "https://registry.npmjs.org/@vaadin/vaadin-material-styles/-/vaadin-material-styles-23.0.1.tgz",
      "integrity": "sha512-CPOrXhhbDk666ZHbhKA2pQzCkvIpTrD+eZoBv3eiAFcRSlTd60QkT3SXHBqB9ABUJQXgxpWKf35e9Rz//TwUWg==",
      "dev": true,
      "requires": {
        "@polymer/polymer": "^3.0.0",
        "@vaadin/vaadin-themable-mixin": "^23.0.1"
      }
    },
    "@vaadin/vaadin-overlay": {
      "version": "23.0.1",
      "resolved": "https://registry.npmjs.org/@vaadin/vaadin-overlay/-/vaadin-overlay-23.0.1.tgz",
      "integrity": "sha512-qeqfS+SIXtNlFO//aNFasz/Ara5mYe4OENC2Bss1oBlqueI/ld40XgLA3kOgjYUj0+fuJilOjxVAenW5u+0CLg==",
      "dev": true,
      "requires": {
        "@polymer/polymer": "^3.0.0",
        "@vaadin/component-base": "^23.0.1",
        "@vaadin/vaadin-lumo-styles": "^23.0.1",
        "@vaadin/vaadin-material-styles": "^23.0.1",
        "@vaadin/vaadin-themable-mixin": "^23.0.1"
      }
    },
    "@vaadin/vaadin-themable-mixin": {
      "version": "23.0.1",
      "resolved": "https://registry.npmjs.org/@vaadin/vaadin-themable-mixin/-/vaadin-themable-mixin-23.0.1.tgz",
      "integrity": "sha512-w11MPHtwWjSXKDw42FL469wZqalfruTTAWs+mKPClBA6BVPJtgMruBXYVFBfKvqnzeox9MUQTI1n2mC9+Uncag==",
      "dev": true,
      "requires": {
        "@open-wc/dedupe-mixin": "^1.3.0",
        "lit": "^2.0.0"
      }
    },
    "@vaadin/vaadin-usage-statistics": {
      "version": "2.1.2",
      "resolved": "https://registry.npmjs.org/@vaadin/vaadin-usage-statistics/-/vaadin-usage-statistics-2.1.2.tgz",
      "integrity": "sha512-xKs1PvRfTXsG0eWWcImLXWjv7D+f1vfoIvovppv6pZ5QX8xgcxWUdNgERlOOdGt3CTuxQXukTBW3+Qfva+OXSg==",
      "requires": {
        "@vaadin/vaadin-development-mode-detector": "^2.0.0"
      }
    },
    "@webcomponents/shadycss": {
      "version": "1.11.0",
      "resolved": "https://registry.npmjs.org/@webcomponents/shadycss/-/shadycss-1.11.0.tgz",
      "integrity": "sha512-L5O/+UPum8erOleNjKq6k58GVl3fNsEQdSOyh0EUhNmi7tHUyRuCJy1uqJiWydWcLARE5IPsMoPYMZmUGrz1JA==",
      "dev": true
    },
    "lit": {
      "version": "2.2.0",
      "resolved": "https://registry.npmjs.org/lit/-/lit-2.2.0.tgz",
      "integrity": "sha512-FDyxUuczo6cJJY/2Bkgfh1872U4ikUvmK1Cb6+lYC1CW+QOo8CaWXCpvPKFzYsz0ojUxoruBLVrECc7VI2f1dQ==",
      "dev": true,
      "requires": {
        "@lit/reactive-element": "^1.3.0",
        "lit-element": "^3.2.0",
        "lit-html": "^2.2.0"
      },
      "dependencies": {
        "lit-html": {
          "version": "2.2.0",
          "resolved": "https://registry.npmjs.org/lit-html/-/lit-html-2.2.0.tgz",
          "integrity": "sha512-dJnevgV8VkCuOXLWrjQopDE8nSy8CzipZ/ATfYQv7z7Dct4abblcKecf50gkIScuwCTzKvRLgvTgV0zzagW4gA==",
          "dev": true,
          "requires": {
            "@types/trusted-types": "^2.0.2"
          }
        }
      }
    },
    "lit-element": {
      "version": "3.2.0",
      "resolved": "https://registry.npmjs.org/lit-element/-/lit-element-3.2.0.tgz",
      "integrity": "sha512-HbE7yt2SnUtg5DCrWt028oaU4D5F4k/1cntAFHTkzY8ZIa8N0Wmu92PxSxucsQSOXlODFrICkQ5x/tEshKi13g==",
      "dev": true,
      "requires": {
        "@lit/reactive-element": "^1.3.0",
        "lit-html": "^2.2.0"
      },
      "dependencies": {
        "lit-html": {
          "version": "2.2.0",
          "resolved": "https://registry.npmjs.org/lit-html/-/lit-html-2.2.0.tgz",
          "integrity": "sha512-dJnevgV8VkCuOXLWrjQopDE8nSy8CzipZ/ATfYQv7z7Dct4abblcKecf50gkIScuwCTzKvRLgvTgV0zzagW4gA==",
          "dev": true,
          "requires": {
            "@types/trusted-types": "^2.0.2"
          }
        }
      }
    },
    "lit-html": {
      "version": "1.4.1",
      "resolved": "https://registry.npmjs.org/lit-html/-/lit-html-1.4.1.tgz",
      "integrity": "sha512-B9btcSgPYb1q4oSOb/PrOT6Z/H+r6xuNzfH4lFli/AWhYwdtrgQkQWBbIc6mdnf6E2IL3gDXdkkqNktpU0OZQA=="
    },
    "path-to-regexp": {
      "version": "2.4.0",
      "resolved": "https://registry.npmjs.org/path-to-regexp/-/path-to-regexp-2.4.0.tgz",
      "integrity": "sha512-G6zHoVqC6GGTQkZwF4lkuEyMbVOjoBKAEybQUypI1WTkqinCOrq2x6U2+phkJ1XsEMTy4LjtwPI7HW+NVrRR2w=="
    }
  }
}
